
Microsoft Visual Studio Solution File, Format Version 12.00
# Visual Studio Version 17
VisualStudioVersion = 17.5.002.0
MinimumVisualStudioVersion = 10.0.40219.1
Project("{9A19103F-16F7-4668-BE54-9A1E7A4F7556}") = "JWTAPI", "JWTAPI\JWTAPI.csproj", "{30AFE48C-049E-4303-B7D9-A274CB83F5EE}"
EndProject
Global
	GlobalSection(SolutionConfigurationPlatforms) = preSolution
		Debug|Any CPU = Debug|Any CPU
		Release|Any CPU = Release|Any CPU
	EndGlobalSection
	GlobalSection(ProjectConfigurationPlatforms) = postSolution
		{30AFE48C-049E-4303-B7D9-A274CB83F5EE}.Debug|Any CPU.ActiveCfg = Debug|Any CPU
		{30AFE48C-049E-4303-B7D9-A274CB83F5EE}.Debug|Any CPU.Build.0 = Debug|Any CPU
		{30AFE48C-049E-4303-B7D9-A274CB83F5EE}.Release|Any CPU.ActiveCfg = Release|Any CPU
		{30AFE48C-049E-4303-B7D9-A274CB83F5EE}.Release|Any CPU.Build.0 = Release|Any CPU
	EndGlobalSection
	GlobalSection(SolutionProperties) = preSolution
		HideSolutionNode = FALSE
	EndGlobalSection
	GlobalSection(ExtensibilityGlobals) = postSolution
		SolutionGuid = {F0D10036-75E6-4101-984A-8052813DEF46}
	EndGlobalSection
EndGlobal
